
Microsoft Visual Studio Solution File, Format Version 12.00
# Visual Studio 15
VisualStudioVersion = 15.0.28307.271
MinimumVisualStudioVersion = 10.0.40219.1
Project("{FAE04EC0-301F-11D3-BF4B-00C04F79EFBC}") = "cycles.ef", "cycles.ef\cycles.ef.csproj", "{79704D85-3C85-4807-80F8-8026B904FFBD}"
EndProject
Project("{FAE04EC0-301F-11D3-BF4B-00C04F79EFBC}") = "cycle.web.Tests", "cycle.web.Tests\cycle.web.Tests.csproj", "{A6A8EE7D-863F-47A0-9FA0-49E89BC24560}"
EndProject
Project("{FAE04EC0-301F-11D3-BF4B-00C04F79EFBC}") = "cycle.web", "cycle.web\cycle.web.csproj", "{D9216391-7393-46BF-9400-70075F34B53E}"
EndProject
Global
	GlobalSection(SolutionConfigurationPlatforms) = preSolution
		Debug|Any CPU = Debug|Any CPU
		Release|Any CPU = Release|Any CPU
	EndGlobalSection
	GlobalSection(ProjectConfigurationPlatforms) = postSolution
		{79704D85-3C85-4807-80F8-8026B904FFBD}.Debug|Any CPU.ActiveCfg = Debug|Any CPU
		{79704D85-3C85-4807-80F8-8026B904FFBD}.Debug|Any CPU.Build.0 = Debug|Any CPU
		{79704D85-3C85-4807-80F8-8026B904FFBD}.Release|Any CPU.ActiveCfg = Release|Any CPU
		{79704D85-3C85-4807-80F8-8026B904FFBD}.Release|Any CPU.Build.0 = Release|Any CPU
		{A6A8EE7D-863F-47A0-9FA0-49E89BC24560}.Debug|Any CPU.ActiveCfg = Debug|Any CPU
		{A6A8EE7D-863F-47A0-9FA0-49E89BC24560}.Debug|Any CPU.Build.0 = Debug|Any CPU
		{A6A8EE7D-863F-47A0-9FA0-49E89BC24560}.Release|Any CPU.ActiveCfg = Release|Any CPU
		{A6A8EE7D-863F-47A0-9FA0-49E89BC24560}.Release|Any CPU.Build.0 = Release|Any CPU
		{D9216391-7393-46BF-9400-70075F34B53E}.Debug|Any CPU.ActiveCfg = Debug|Any CPU
		{D9216391-7393-46BF-9400-70075F34B53E}.Debug|Any CPU.Build.0 = Debug|Any CPU
		{D9216391-7393-46BF-9400-70075F34B53E}.Release|Any CPU.ActiveCfg = Release|Any CPU
		{D9216391-7393-46BF-9400-70075F34B53E}.Release|Any CPU.Build.0 = Release|Any CPU
	EndGlobalSection
	GlobalSection(SolutionProperties) = preSolution
		HideSolutionNode = FALSE
	EndGlobalSection
	GlobalSection(ExtensibilityGlobals) = postSolution
		SolutionGuid = {ED6E0867-43B0-4CD7-857F-09EBE4C52139}
	EndGlobalSection
EndGlobal
